
Microsoft Visual Studio Solution File, Format Version 12.00
# Visual Studio Version 17
VisualStudioVersion = 17.6.33815.320
MinimumVisualStudioVersion = 10.0.40219.1
Project("{FAE04EC0-301F-11D3-BF4B-00C04F79EFBC}") = "API_Gestao_Sock", "API_Gestao_Sock.csproj", "{7C120C10-ADF0-4A92-A373-FB55EE58B3D4}"
EndProject
Global
	GlobalSection(SolutionConfigurationPlatforms) = preSolution
		Debug|Any CPU = Debug|Any CPU
		Release|Any CPU = Release|Any CPU
	EndGlobalSection
	GlobalSection(ProjectConfigurationPlatforms) = postSolution
		{7C120C10-ADF0-4A92-A373-FB55EE58B3D4}.Debug|Any CPU.ActiveCfg = Debug|Any CPU
		{7C120C10-ADF0-4A92-A373-FB55EE58B3D4}.Debug|Any CPU.Build.0 = Debug|Any CPU
		{7C120C10-ADF0-4A92-A373-FB55EE58B3D4}.Release|Any CPU.ActiveCfg = Release|Any CPU
		{7C120C10-ADF0-4A92-A373-FB55EE58B3D4}.Release|Any CPU.Build.0 = Release|Any CPU
	EndGlobalSection
	GlobalSection(SolutionProperties) = preSolution
		HideSolutionNode = FALSE
	EndGlobalSection
	GlobalSection(ExtensibilityGlobals) = postSolution
		SolutionGuid = {0BB273F1-0942-496D-BA72-8C9132D37A33}
	EndGlobalSection
EndGlobal
